
Microsoft Visual Studio Solution File, Format Version 12.00
# Visual Studio 15
VisualStudioVersion = 15.0.27703.2035
MinimumVisualStudioVersion = 10.0.40219.1
Project("{FAE04EC0-301F-11D3-BF4B-00C04F79EFBC}") = "Car-Insurance-Approval-Program", "Car-Insurance-Approval-Program\Car-Insurance-Approval-Program.csproj", "{1A4C00D8-8551-4E42-B992-9440EA47DCCC}"
EndProject
Global
	GlobalSection(SolutionConfigurationPlatforms) = preSolution
		Debug|Any CPU = Debug|Any CPU
		Release|Any CPU = Release|Any CPU
	EndGlobalSection
	GlobalSection(ProjectConfigurationPlatforms) = postSolution
		{1A4C00D8-8551-4E42-B992-9440EA47DCCC}.Debug|Any CPU.ActiveCfg = Debug|Any CPU
		{1A4C00D8-8551-4E42-B992-9440EA47DCCC}.Debug|Any CPU.Build.0 = Debug|Any CPU
		{1A4C00D8-8551-4E42-B992-9440EA47DCCC}.Release|Any CPU.ActiveCfg = Release|Any CPU
		{1A4C00D8-8551-4E42-B992-9440EA47DCCC}.Release|Any CPU.Build.0 = Release|Any CPU
	EndGlobalSection
	GlobalSection(SolutionProperties) = preSolution
		HideSolutionNode = FALSE
	EndGlobalSection
	GlobalSection(ExtensibilityGlobals) = postSolution
		SolutionGuid = {0410A5BD-9871-4DC8-A4BA-F3D648085DE8}
	EndGlobalSection
EndGlobal
