
Microsoft Visual Studio Solution File, Format Version 12.00
# Visual Studio 15
VisualStudioVersion = 15.0.27703.2035
MinimumVisualStudioVersion = 10.0.40219.1
Project("{FAE04EC0-301F-11D3-BF4B-00C04F79EFBC}") = "TwentyOne", "TwentyOne\TwentyOne.csproj", "{D09B3544-35AB-4836-B85D-C2398C8CF745}"
EndProject
Project("{FAE04EC0-301F-11D3-BF4B-00C04F79EFBC}") = "Casino", "Casino\Casino.csproj", "{57A99451-6067-48E3-B3D0-ED5EFCB9ADB9}"
EndProject
Global
	GlobalSection(SolutionConfigurationPlatforms) = preSolution
		Debug|Any CPU = Debug|Any CPU
		Release|Any CPU = Release|Any CPU
	EndGlobalSection
	GlobalSection(ProjectConfigurationPlatforms) = postSolution
		{D09B3544-35AB-4836-B85D-C2398C8CF745}.Debug|Any CPU.ActiveCfg = Debug|Any CPU
		{D09B3544-35AB-4836-B85D-C2398C8CF745}.Debug|Any CPU.Build.0 = Debug|Any CPU
		{D09B3544-35AB-4836-B85D-C2398C8CF745}.Release|Any CPU.ActiveCfg = Release|Any CPU
		{D09B3544-35AB-4836-B85D-C2398C8CF745}.Release|Any CPU.Build.0 = Release|Any CPU
		{57A99451-6067-48E3-B3D0-ED5EFCB9ADB9}.Debug|Any CPU.ActiveCfg = Debug|Any CPU
		{57A99451-6067-48E3-B3D0-ED5EFCB9ADB9}.Debug|Any CPU.Build.0 = Debug|Any CPU
		{57A99451-6067-48E3-B3D0-ED5EFCB9ADB9}.Release|Any CPU.ActiveCfg = Release|Any CPU
		{57A99451-6067-48E3-B3D0-ED5EFCB9ADB9}.Release|Any CPU.Build.0 = Release|Any CPU
	EndGlobalSection
	GlobalSection(SolutionProperties) = preSolution
		HideSolutionNode = FALSE
	EndGlobalSection
	GlobalSection(ExtensibilityGlobals) = postSolution
		SolutionGuid = {78A435F3-AE78-412B-8C03-BDB28F236528}
	EndGlobalSection
EndGlobal
