
Microsoft Visual Studio Solution File, Format Version 12.00
# Visual Studio 15
VisualStudioVersion = 15.0.27703.2035
MinimumVisualStudioVersion = 10.0.40219.1
Project("{FAE04EC0-301F-11D3-BF4B-00C04F79EFBC}") = "IQuittable-Exercise", "IQuittable-Exercise\IQuittable-Exercise.csproj", "{B168FC6A-AE95-4AC1-A3E6-2D05B4A862BE}"
EndProject
Global
	GlobalSection(SolutionConfigurationPlatforms) = preSolution
		Debug|Any CPU = Debug|Any CPU
		Release|Any CPU = Release|Any CPU
	EndGlobalSection
	GlobalSection(ProjectConfigurationPlatforms) = postSolution
		{B168FC6A-AE95-4AC1-A3E6-2D05B4A862BE}.Debug|Any CPU.ActiveCfg = Debug|Any CPU
		{B168FC6A-AE95-4AC1-A3E6-2D05B4A862BE}.Debug|Any CPU.Build.0 = Debug|Any CPU
		{B168FC6A-AE95-4AC1-A3E6-2D05B4A862BE}.Release|Any CPU.ActiveCfg = Release|Any CPU
		{B168FC6A-AE95-4AC1-A3E6-2D05B4A862BE}.Release|Any CPU.Build.0 = Release|Any CPU
	EndGlobalSection
	GlobalSection(SolutionProperties) = preSolution
		HideSolutionNode = FALSE
	EndGlobalSection
	GlobalSection(ExtensibilityGlobals) = postSolution
		SolutionGuid = {7D988BE2-0A2D-4577-A984-DE1CF60C0CDA}
	EndGlobalSection
EndGlobal
