
Microsoft Visual Studio Solution File, Format Version 12.00
# Visual Studio 15
VisualStudioVersion = 15.0.27703.2035
MinimumVisualStudioVersion = 10.0.40219.1
Project("{FAE04EC0-301F-11D3-BF4B-00C04F79EFBC}") = "Package-Express", "Package-Express\Package-Express.csproj", "{C91FA683-89FD-4D1E-AF61-0C2CB7F5B65F}"
EndProject
Global
	GlobalSection(SolutionConfigurationPlatforms) = preSolution
		Debug|Any CPU = Debug|Any CPU
		Release|Any CPU = Release|Any CPU
	EndGlobalSection
	GlobalSection(ProjectConfigurationPlatforms) = postSolution
		{C91FA683-89FD-4D1E-AF61-0C2CB7F5B65F}.Debug|Any CPU.ActiveCfg = Debug|Any CPU
		{C91FA683-89FD-4D1E-AF61-0C2CB7F5B65F}.Debug|Any CPU.Build.0 = Debug|Any CPU
		{C91FA683-89FD-4D1E-AF61-0C2CB7F5B65F}.Release|Any CPU.ActiveCfg = Release|Any CPU
		{C91FA683-89FD-4D1E-AF61-0C2CB7F5B65F}.Release|Any CPU.Build.0 = Release|Any CPU
	EndGlobalSection
	GlobalSection(SolutionProperties) = preSolution
		HideSolutionNode = FALSE
	EndGlobalSection
	GlobalSection(ExtensibilityGlobals) = postSolution
		SolutionGuid = {83A29F37-FAB2-4F04-BCBB-80291AF32EA3}
	EndGlobalSection
EndGlobal
