
Microsoft Visual Studio Solution File, Format Version 12.00
# Visual Studio 15
VisualStudioVersion = 15.0.27703.2035
MinimumVisualStudioVersion = 10.0.40219.1
Project("{FAE04EC0-301F-11D3-BF4B-00C04F79EFBC}") = "Class-Exercise", "Class-Exercise\Class-Exercise.csproj", "{88A570AD-7AA6-4C95-9376-7FA5BC6456A3}"
EndProject
Global
	GlobalSection(SolutionConfigurationPlatforms) = preSolution
		Debug|Any CPU = Debug|Any CPU
		Release|Any CPU = Release|Any CPU
	EndGlobalSection
	GlobalSection(ProjectConfigurationPlatforms) = postSolution
		{88A570AD-7AA6-4C95-9376-7FA5BC6456A3}.Debug|Any CPU.ActiveCfg = Debug|Any CPU
		{88A570AD-7AA6-4C95-9376-7FA5BC6456A3}.Debug|Any CPU.Build.0 = Debug|Any CPU
		{88A570AD-7AA6-4C95-9376-7FA5BC6456A3}.Release|Any CPU.ActiveCfg = Release|Any CPU
		{88A570AD-7AA6-4C95-9376-7FA5BC6456A3}.Release|Any CPU.Build.0 = Release|Any CPU
	EndGlobalSection
	GlobalSection(SolutionProperties) = preSolution
		HideSolutionNode = FALSE
	EndGlobalSection
	GlobalSection(ExtensibilityGlobals) = postSolution
		SolutionGuid = {8D23B6DB-4487-43B7-A4FC-6303471C20DF}
	EndGlobalSection
EndGlobal
