
Microsoft Visual Studio Solution File, Format Version 12.00
# Visual Studio 15
VisualStudioVersion = 15.0.27703.2035
MinimumVisualStudioVersion = 10.0.40219.1
Project("{FAE04EC0-301F-11D3-BF4B-00C04F79EFBC}") = "Iteration", "Iteration\Iteration.csproj", "{3BB44C32-3836-4B59-A0F5-5D43A70AD47D}"
EndProject
Global
	GlobalSection(SolutionConfigurationPlatforms) = preSolution
		Debug|Any CPU = Debug|Any CPU
		Release|Any CPU = Release|Any CPU
	EndGlobalSection
	GlobalSection(ProjectConfigurationPlatforms) = postSolution
		{3BB44C32-3836-4B59-A0F5-5D43A70AD47D}.Debug|Any CPU.ActiveCfg = Debug|Any CPU
		{3BB44C32-3836-4B59-A0F5-5D43A70AD47D}.Debug|Any CPU.Build.0 = Debug|Any CPU
		{3BB44C32-3836-4B59-A0F5-5D43A70AD47D}.Release|Any CPU.ActiveCfg = Release|Any CPU
		{3BB44C32-3836-4B59-A0F5-5D43A70AD47D}.Release|Any CPU.Build.0 = Release|Any CPU
	EndGlobalSection
	GlobalSection(SolutionProperties) = preSolution
		HideSolutionNode = FALSE
	EndGlobalSection
	GlobalSection(ExtensibilityGlobals) = postSolution
		SolutionGuid = {599FD9D2-0B40-42C8-A4AC-3E00F1CDA8CD}
	EndGlobalSection
EndGlobal
