
Microsoft Visual Studio Solution File, Format Version 12.00
# Visual Studio 15
VisualStudioVersion = 15.0.27703.2035
MinimumVisualStudioVersion = 10.0.40219.1
Project("{FAE04EC0-301F-11D3-BF4B-00C04F79EFBC}") = "ArraysAndLists", "ArraysAndLists\ArraysAndLists.csproj", "{30446461-A151-4405-8C13-65C04827D4DE}"
EndProject
Global
	GlobalSection(SolutionConfigurationPlatforms) = preSolution
		Debug|Any CPU = Debug|Any CPU
		Release|Any CPU = Release|Any CPU
	EndGlobalSection
	GlobalSection(ProjectConfigurationPlatforms) = postSolution
		{30446461-A151-4405-8C13-65C04827D4DE}.Debug|Any CPU.ActiveCfg = Debug|Any CPU
		{30446461-A151-4405-8C13-65C04827D4DE}.Debug|Any CPU.Build.0 = Debug|Any CPU
		{30446461-A151-4405-8C13-65C04827D4DE}.Release|Any CPU.ActiveCfg = Release|Any CPU
		{30446461-A151-4405-8C13-65C04827D4DE}.Release|Any CPU.Build.0 = Release|Any CPU
	EndGlobalSection
	GlobalSection(SolutionProperties) = preSolution
		HideSolutionNode = FALSE
	EndGlobalSection
	GlobalSection(ExtensibilityGlobals) = postSolution
		SolutionGuid = {3E01522F-7AA2-4E14-AAB2-036768A52DC9}
	EndGlobalSection
EndGlobal
